
Microsoft Visual Studio Solution File, Format Version 12.00
# Visual Studio Version 17
VisualStudioVersion = 17.6.33815.320
MinimumVisualStudioVersion = 10.0.40219.1
Project("{FAE04EC0-301F-11D3-BF4B-00C04F79EFBC}") = "XML_SER_DSER", "XML_SER_DSER\XML_SER_DSER.csproj", "{58313A0A-2943-4921-B478-C7E4FE1BFA59}"
EndProject
Global
	GlobalSection(SolutionConfigurationPlatforms) = preSolution
		Debug|Any CPU = Debug|Any CPU
		Release|Any CPU = Release|Any CPU
	EndGlobalSection
	GlobalSection(ProjectConfigurationPlatforms) = postSolution
		{58313A0A-2943-4921-B478-C7E4FE1BFA59}.Debug|Any CPU.ActiveCfg = Debug|Any CPU
		{58313A0A-2943-4921-B478-C7E4FE1BFA59}.Debug|Any CPU.Build.0 = Debug|Any CPU
		{58313A0A-2943-4921-B478-C7E4FE1BFA59}.Release|Any CPU.ActiveCfg = Release|Any CPU
		{58313A0A-2943-4921-B478-C7E4FE1BFA59}.Release|Any CPU.Build.0 = Release|Any CPU
	EndGlobalSection
	GlobalSection(SolutionProperties) = preSolution
		HideSolutionNode = FALSE
	EndGlobalSection
	GlobalSection(ExtensibilityGlobals) = postSolution
		SolutionGuid = {97AE887D-FDED-43C8-AA7B-50DD47E888A3}
	EndGlobalSection
EndGlobal
