
Microsoft Visual Studio Solution File, Format Version 12.00
# Visual Studio Version 17
VisualStudioVersion = 17.6.33815.320
MinimumVisualStudioVersion = 10.0.40219.1
Project("{FAE04EC0-301F-11D3-BF4B-00C04F79EFBC}") = "Binary_Ser_And_Dser", "Binary_Ser_And_Dser\Binary_Ser_And_Dser.csproj", "{206F8553-1199-4E42-824B-3E95894E444B}"
EndProject
Global
	GlobalSection(SolutionConfigurationPlatforms) = preSolution
		Debug|Any CPU = Debug|Any CPU
		Release|Any CPU = Release|Any CPU
	EndGlobalSection
	GlobalSection(ProjectConfigurationPlatforms) = postSolution
		{206F8553-1199-4E42-824B-3E95894E444B}.Debug|Any CPU.ActiveCfg = Debug|Any CPU
		{206F8553-1199-4E42-824B-3E95894E444B}.Debug|Any CPU.Build.0 = Debug|Any CPU
		{206F8553-1199-4E42-824B-3E95894E444B}.Release|Any CPU.ActiveCfg = Release|Any CPU
		{206F8553-1199-4E42-824B-3E95894E444B}.Release|Any CPU.Build.0 = Release|Any CPU
	EndGlobalSection
	GlobalSection(SolutionProperties) = preSolution
		HideSolutionNode = FALSE
	EndGlobalSection
	GlobalSection(ExtensibilityGlobals) = postSolution
		SolutionGuid = {9B4F0D01-B073-4C39-AC72-DC5C9A80C0DC}
	EndGlobalSection
EndGlobal
